
Microsoft Visual Studio Solution File, Format Version 12.00
# Visual Studio 15
VisualStudioVersion = 15.0.28010.2026
MinimumVisualStudioVersion = 10.0.40219.1
Project("{FAE04EC0-301F-11D3-BF4B-00C04F79EFBC}") = "Hesap Makinesi 2", "Hesap Makinesi 2\Hesap Makinesi 2.csproj", "{1AED1F80-02A0-4D7C-AAA0-D83DFAD58A52}"
EndProject
Global
	GlobalSection(SolutionConfigurationPlatforms) = preSolution
		Debug|Any CPU = Debug|Any CPU
		Release|Any CPU = Release|Any CPU
	EndGlobalSection
	GlobalSection(ProjectConfigurationPlatforms) = postSolution
		{1AED1F80-02A0-4D7C-AAA0-D83DFAD58A52}.Debug|Any CPU.ActiveCfg = Debug|Any CPU
		{1AED1F80-02A0-4D7C-AAA0-D83DFAD58A52}.Debug|Any CPU.Build.0 = Debug|Any CPU
		{1AED1F80-02A0-4D7C-AAA0-D83DFAD58A52}.Release|Any CPU.ActiveCfg = Release|Any CPU
		{1AED1F80-02A0-4D7C-AAA0-D83DFAD58A52}.Release|Any CPU.Build.0 = Release|Any CPU
	EndGlobalSection
	GlobalSection(SolutionProperties) = preSolution
		HideSolutionNode = FALSE
	EndGlobalSection
	GlobalSection(ExtensibilityGlobals) = postSolution
		SolutionGuid = {8F2D4348-AE74-46C5-B8EB-F5BD91027643}
	EndGlobalSection
EndGlobal
